
Microsoft Visual Studio Solution File, Format Version 12.00
# Visual Studio Version 16
VisualStudioVersion = 16.0.33214.272
MinimumVisualStudioVersion = 10.0.40219.1
Project("{FAE04EC0-301F-11D3-BF4B-00C04F79EFBC}") = "Prototype", "Prototype\Prototype.csproj", "{F188375B-25E8-40C5-B410-EE73A2B3B9A0}"
EndProject
Global
	GlobalSection(SolutionConfigurationPlatforms) = preSolution
		Debug|Any CPU = Debug|Any CPU
		Release|Any CPU = Release|Any CPU
	EndGlobalSection
	GlobalSection(ProjectConfigurationPlatforms) = postSolution
		{F188375B-25E8-40C5-B410-EE73A2B3B9A0}.Debug|Any CPU.ActiveCfg = Debug|Any CPU
		{F188375B-25E8-40C5-B410-EE73A2B3B9A0}.Debug|Any CPU.Build.0 = Debug|Any CPU
		{F188375B-25E8-40C5-B410-EE73A2B3B9A0}.Release|Any CPU.ActiveCfg = Release|Any CPU
		{F188375B-25E8-40C5-B410-EE73A2B3B9A0}.Release|Any CPU.Build.0 = Release|Any CPU
	EndGlobalSection
	GlobalSection(SolutionProperties) = preSolution
		HideSolutionNode = FALSE
	EndGlobalSection
	GlobalSection(ExtensibilityGlobals) = postSolution
		SolutionGuid = {3F3D447E-26F0-4E50-ACCC-AAD6672142B9}
	EndGlobalSection
EndGlobal
